
Microsoft Visual Studio Solution File, Format Version 12.00
# Visual Studio Version 17
VisualStudioVersion = 17.11.35219.272
MinimumVisualStudioVersion = 10.0.40219.1
Project("{9A19103F-16F7-4668-BE54-9A1E7A4F7556}") = "ST10028058_CLDV6212_POE", "ST10028058_CLDV6212_POE.csproj", "{251E770D-B4F2-4645-8012-9B12AACAB4F9}"
EndProject
Project("{FAE04EC0-301F-11D3-BF4B-00C04F79EFBC}") = "Azure_Storage_Functions", "..\Azure_Storage_Functions\Azure_Storage_Functions.csproj", "{E8E2B338-D7FD-450C-A093-7CC752814405}"
EndProject
Global
	GlobalSection(SolutionConfigurationPlatforms) = preSolution
		Debug|Any CPU = Debug|Any CPU
		Release|Any CPU = Release|Any CPU
	EndGlobalSection
	GlobalSection(ProjectConfigurationPlatforms) = postSolution
		{251E770D-B4F2-4645-8012-9B12AACAB4F9}.Debug|Any CPU.ActiveCfg = Debug|Any CPU
		{251E770D-B4F2-4645-8012-9B12AACAB4F9}.Debug|Any CPU.Build.0 = Debug|Any CPU
		{251E770D-B4F2-4645-8012-9B12AACAB4F9}.Release|Any CPU.ActiveCfg = Release|Any CPU
		{251E770D-B4F2-4645-8012-9B12AACAB4F9}.Release|Any CPU.Build.0 = Release|Any CPU
		{E8E2B338-D7FD-450C-A093-7CC752814405}.Debug|Any CPU.ActiveCfg = Debug|Any CPU
		{E8E2B338-D7FD-450C-A093-7CC752814405}.Debug|Any CPU.Build.0 = Debug|Any CPU
		{E8E2B338-D7FD-450C-A093-7CC752814405}.Release|Any CPU.ActiveCfg = Release|Any CPU
		{E8E2B338-D7FD-450C-A093-7CC752814405}.Release|Any CPU.Build.0 = Release|Any CPU
	EndGlobalSection
	GlobalSection(SolutionProperties) = preSolution
		HideSolutionNode = FALSE
	EndGlobalSection
	GlobalSection(ExtensibilityGlobals) = postSolution
		SolutionGuid = {59EB25DC-3A7A-4D80-A302-B4FCF6F5D684}
	EndGlobalSection
EndGlobal
